
Microsoft Visual Studio Solution File, Format Version 12.00
# Visual Studio 2013
VisualStudioVersion = 12.0.40629.0
MinimumVisualStudioVersion = 10.0.40219.1
Project("{FAE04EC0-301F-11D3-BF4B-00C04F79EFBC}") = "ARM_AGRANOM_", "ARM_AGRANOM_\ARM_AGRANOM_.csproj", "{EB88FA2D-6ADD-40E8-90BA-C7B289687BDA}"
EndProject
Project("{FAE04EC0-301F-11D3-BF4B-00C04F79EFBC}") = "DataBase", "DataBase\DataBase.csproj", "{88A1B207-9FD6-4651-8C2B-A778D8B0291A}"
EndProject
Global
	GlobalSection(SolutionConfigurationPlatforms) = preSolution
		Debug|Any CPU = Debug|Any CPU
		Release|Any CPU = Release|Any CPU
	EndGlobalSection
	GlobalSection(ProjectConfigurationPlatforms) = postSolution
		{EB88FA2D-6ADD-40E8-90BA-C7B289687BDA}.Debug|Any CPU.ActiveCfg = Debug|Any CPU
		{EB88FA2D-6ADD-40E8-90BA-C7B289687BDA}.Debug|Any CPU.Build.0 = Debug|Any CPU
		{EB88FA2D-6ADD-40E8-90BA-C7B289687BDA}.Release|Any CPU.ActiveCfg = Release|Any CPU
		{EB88FA2D-6ADD-40E8-90BA-C7B289687BDA}.Release|Any CPU.Build.0 = Release|Any CPU
		{88A1B207-9FD6-4651-8C2B-A778D8B0291A}.Debug|Any CPU.ActiveCfg = Debug|Any CPU
		{88A1B207-9FD6-4651-8C2B-A778D8B0291A}.Debug|Any CPU.Build.0 = Debug|Any CPU
		{88A1B207-9FD6-4651-8C2B-A778D8B0291A}.Release|Any CPU.ActiveCfg = Release|Any CPU
		{88A1B207-9FD6-4651-8C2B-A778D8B0291A}.Release|Any CPU.Build.0 = Release|Any CPU
	EndGlobalSection
	GlobalSection(SolutionProperties) = preSolution
		HideSolutionNode = FALSE
	EndGlobalSection
EndGlobal
